Microsoft Visual Studio Solution File, Format Version 12.00
# Visual Studio Version 17
VisualStudioVersion = 17.5.2.0
MinimumVisualStudioVersion = 10.0.40219.1
Project("{FAE04EC0-301F-11D3-BF4B-00C04F79EFBC}") = "ASPCustomer", "ASPCustomer.csproj", "{E35EFA55-0805-620C-A94B-E8369BF2F13E}"
EndProject
Global
	GlobalSection(SolutionConfigurationPlatforms) = preSolution
		Debug|Any CPU = Debug|Any CPU
		Release|Any CPU = Release|Any CPU
	EndGlobalSection
	GlobalSection(ProjectConfigurationPlatforms) = postSolution
		{E35EFA55-0805-620C-A94B-E8369BF2F13E}.Debug|Any CPU.ActiveCfg = Debug|Any CPU
		{E35EFA55-0805-620C-A94B-E8369BF2F13E}.Debug|Any CPU.Build.0 = Debug|Any CPU
		{E35EFA55-0805-620C-A94B-E8369BF2F13E}.Release|Any CPU.ActiveCfg = Release|Any CPU
		{E35EFA55-0805-620C-A94B-E8369BF2F13E}.Release|Any CPU.Build.0 = Release|Any CPU
	EndGlobalSection
	GlobalSection(SolutionProperties) = preSolution
		HideSolutionNode = FALSE
	EndGlobalSection
	GlobalSection(ExtensibilityGlobals) = postSolution
		SolutionGuid = {5D620994-3961-4144-B5A3-61738ED31945}
	EndGlobalSection
EndGlobal
